
Microsoft Visual Studio Solution File, Format Version 11.00
# Visual Studio 2010
Project("{FAE04EC0-301F-11D3-BF4B-00C04F79EFBC}") = "CarDriving", "Assembly-CSharp.csproj", "{100AF7BB-157C-994B-40A2-D6DDF705C47F}"
EndProject
Project("{FAE04EC0-301F-11D3-BF4B-00C04F79EFBC}") = "CarDriving", "Assembly-CSharp-firstpass.csproj", "{22AC348E-B3B7-0A1A-605B-214026C6448D}"
EndProject
Project("{FAE04EC0-301F-11D3-BF4B-00C04F79EFBC}") = "CarDriving", "Assembly-CSharp-Editor-firstpass.csproj", "{DCDACD9F-804B-BDD7-4CB9-54400BF6882F}"
EndProject
Global
	GlobalSection(SolutionConfigurationPlatforms) = preSolution
		Debug|Any CPU = Debug|Any CPU
		Release|Any CPU = Release|Any CPU
	EndGlobalSection
	GlobalSection(ProjectConfigurationPlatforms) = postSolution
		{100AF7BB-157C-994B-40A2-D6DDF705C47F}.Debug|Any CPU.ActiveCfg = Debug|Any CPU
		{100AF7BB-157C-994B-40A2-D6DDF705C47F}.Debug|Any CPU.Build.0 = Debug|Any CPU
		{100AF7BB-157C-994B-40A2-D6DDF705C47F}.Release|Any CPU.ActiveCfg = Release|Any CPU
		{100AF7BB-157C-994B-40A2-D6DDF705C47F}.Release|Any CPU.Build.0 = Release|Any CPU
		{22AC348E-B3B7-0A1A-605B-214026C6448D}.Debug|Any CPU.ActiveCfg = Debug|Any CPU
		{22AC348E-B3B7-0A1A-605B-214026C6448D}.Debug|Any CPU.Build.0 = Debug|Any CPU
		{22AC348E-B3B7-0A1A-605B-214026C6448D}.Release|Any CPU.ActiveCfg = Release|Any CPU
		{22AC348E-B3B7-0A1A-605B-214026C6448D}.Release|Any CPU.Build.0 = Release|Any CPU
		{DCDACD9F-804B-BDD7-4CB9-54400BF6882F}.Debug|Any CPU.ActiveCfg = Debug|Any CPU
		{DCDACD9F-804B-BDD7-4CB9-54400BF6882F}.Debug|Any CPU.Build.0 = Debug|Any CPU
		{DCDACD9F-804B-BDD7-4CB9-54400BF6882F}.Release|Any CPU.ActiveCfg = Release|Any CPU
		{DCDACD9F-804B-BDD7-4CB9-54400BF6882F}.Release|Any CPU.Build.0 = Release|Any CPU
	EndGlobalSection
	GlobalSection(SolutionProperties) = preSolution
		HideSolutionNode = FALSE
	EndGlobalSection
	GlobalSection(MonoDevelopProperties) = preSolution
		StartupItem = Assembly-CSharp.csproj
	EndGlobalSection
EndGlobal
